
Microsoft Visual Studio Solution File, Format Version 12.00
# Visual Studio Version 17
VisualStudioVersion = 17.14.37111.16 d17.14
MinimumVisualStudioVersion = 10.0.40219.1
Project("{FAE04EC0-301F-11D3-BF4B-00C04F79EFBC}") = "AuthService.API", "AuthService.API\AuthService.API.csproj", "{AA77A896-9E8E-4ABF-B7C0-2BB1CC9EF6A4}"
EndProject
Project("{FAE04EC0-301F-11D3-BF4B-00C04F79EFBC}") = "AuthService.UnitTests", "AuthService.UnitTests\AuthService.UnitTests.csproj", "{4DDD9DB2-3383-4466-A485-151ABFF62D66}"
EndProject
Project("{FAE04EC0-301F-11D3-BF4B-00C04F79EFBC}") = "AuthService.IntegrationTests", "AuthService.IntegrationTests\AuthService.IntegrationTests.csproj", "{2629D5A9-F842-4CEF-A790-305894BFF7A0}"
EndProject
Project("{2150E333-8FDC-42A3-9474-1A3956D46DE8}") = "Solution Items", "Solution Items", "{8EC462FD-D22E-90A8-E5CE-7E832BA40C5D}"
	ProjectSection(SolutionItems) = preProject
		README.md = README.md
	EndProjectSection
EndProject
Global
	GlobalSection(SolutionConfigurationPlatforms) = preSolution
		Debug|Any CPU = Debug|Any CPU
		Release|Any CPU = Release|Any CPU
	EndGlobalSection
	GlobalSection(ProjectConfigurationPlatforms) = postSolution
		{AA77A896-9E8E-4ABF-B7C0-2BB1CC9EF6A4}.Debug|Any CPU.ActiveCfg = Debug|Any CPU
		{AA77A896-9E8E-4ABF-B7C0-2BB1CC9EF6A4}.Debug|Any CPU.Build.0 = Debug|Any CPU
		{AA77A896-9E8E-4ABF-B7C0-2BB1CC9EF6A4}.Release|Any CPU.ActiveCfg = Release|Any CPU
		{AA77A896-9E8E-4ABF-B7C0-2BB1CC9EF6A4}.Release|Any CPU.Build.0 = Release|Any CPU
		{4DDD9DB2-3383-4466-A485-151ABFF62D66}.Debug|Any CPU.ActiveCfg = Debug|Any CPU
		{4DDD9DB2-3383-4466-A485-151ABFF62D66}.Debug|Any CPU.Build.0 = Debug|Any CPU
		{4DDD9DB2-3383-4466-A485-151ABFF62D66}.Release|Any CPU.ActiveCfg = Release|Any CPU
		{4DDD9DB2-3383-4466-A485-151ABFF62D66}.Release|Any CPU.Build.0 = Release|Any CPU
		{2629D5A9-F842-4CEF-A790-305894BFF7A0}.Debug|Any CPU.ActiveCfg = Debug|Any CPU
		{2629D5A9-F842-4CEF-A790-305894BFF7A0}.Debug|Any CPU.Build.0 = Debug|Any CPU
		{2629D5A9-F842-4CEF-A790-305894BFF7A0}.Release|Any CPU.ActiveCfg = Release|Any CPU
		{2629D5A9-F842-4CEF-A790-305894BFF7A0}.Release|Any CPU.Build.0 = Release|Any CPU
	EndGlobalSection
	GlobalSection(SolutionProperties) = preSolution
		HideSolutionNode = FALSE
	EndGlobalSection
	GlobalSection(ExtensibilityGlobals) = postSolution
		SolutionGuid = {2910916C-C818-471B-8BF6-E1B49E6147F7}
	EndGlobalSection
EndGlobal
